// !$*UTF8*$!
{
	archiveVersion = 1;
	classes = {
	};
	objectVersion = 46;
	objects = {

/* Begin PBXBuildFile section */
		183C8E271D3631EA00868202 /* main.m in Sources */ = {isa = PBXBuildFile; fileRef = 183C8E261D3631EA00868202 /* main.m */; };
		183C8E2A1D3631EA00868202 /* AppDelegate.m in Sources */ = {isa = PBXBuildFile; fileRef = 183C8E291D3631EA00868202 /* AppDelegate.m */; };
		183C8E2D1D3631EA00868202 /* ViewController.m in Sources */ = {isa = PBXBuildFile; fileRef = 183C8E2C1D3631EA00868202 /* ViewController.m */; };
		183C8E301D3631EA00868202 /* Main.storyboard in Resources */ = {isa = PBXBuildFile; fileRef = 183C8E2E1D3631EA00868202 /* Main.storyboard */; };
		183C8E321D3631EA00868202 /* Assets.xcassets in Resources */ = {isa = PBXBuildFile; fileRef = 183C8E311D3631EA00868202 /* Assets.xcassets */; };
		183C8E401D3631EA00868202 /* UIView___Tests.m in Sources */ = {isa = PBXBuildFile; fileRef = 183C8E3F1D3631EA00868202 /* UIView___Tests.m */; };
		183C8E4C1D36327800868202 /* ZPRedView.m in Sources */ = {isa = PBXBuildFile; fileRef = 183C8E4B1D36327800868202 /* ZPRedView.m */; };
/* End PBXBuildFile section */

/* Begin PBXContainerItemProxy section */
		183C8E3C1D3631EA00868202 /* PBXContainerItemProxy */ = {
			isa = PBXContainerItemProxy;
			containerPortal = 183C8E1A1D3631EA00868202 /* Project object */;
			proxyType = 1;
			remoteGlobalIDString = 183C8E211D3631EA00868202;
			remoteInfo = "UIView的拖拽";
		};
/* End PBXContainerItemProxy section */

/* Begin PBXFileReference section */
		183C8E221D3631EA00868202 /* UIView的拖拽.app */ = {isa = PBXFileReference; explicitFileType = wrapper.application; includeInIndex = 0; path = "UIView的拖拽.app"; sourceTree = BUILT_PRODUCTS_DIR; };
		183C8E261D3631EA00868202 /* main.m */ = {isa = PBXFileReference; lastKnownFileType = sourcecode.c.objc; path = main.m; sourceTree = "<group>"; };
		183C8E281D3631EA00868202 /* AppDelegate.h */ = {isa = PBXFileReference; lastKnownFileType = sourcecode.c.h; path = AppDelegate.h; sourceTree = "<group>"; };
		183C8E291D3631EA00868202 /* AppDelegate.m */ = {isa = PBXFileReference; lastKnownFileType = sourcecode.c.objc; path = AppDelegate.m; sourceTree = "<group>"; };
		183C8E2B1D3631EA00868202 /* ViewController.h */ = {isa = PBXFileReference; lastKnownFileType = sourcecode.c.h; path = ViewController.h; sourceTree = "<group>"; };
		183C8E2C1D3631EA00868202 /* ViewController.m */ = {isa = PBXFileReference; lastKnownFileType = sourcecode.c.objc; path = ViewController.m; sourceTree = "<group>"; };
		183C8E2F1D3631EA00868202 /* Base */ = {isa = PBXFileReference; lastKnownFileType = file.storyboard; name = Base; path = Base.lproj/Main.storyboard; sourceTree = "<group>"; };
		183C8E311D3631EA00868202 /* Assets.xcassets */ = {isa = PBXFileReference; lastKnownFileType = folder.assetcatalog; path = Assets.xcassets; sourceTree = "<group>"; };
		183C8E361D3631EA00868202 /* Info.plist */ = {isa = PBXFileReference; lastKnownFileType = text.plist.xml; path = Info.plist; sourceTree = "<group>"; };
		183C8E3B1D3631EA00868202 /* UIView的拖拽Tests.xctest */ = {isa = PBXFileReference; explicitFileType = wrapper.cfbundle; includeInIndex = 0; path = "UIView的拖拽Tests.xctest"; sourceTree = BUILT_PRODUCTS_DIR; };
		183C8E3F1D3631EA00868202 /* UIView___Tests.m */ = {isa = PBXFileReference; lastKnownFileType = sourcecode.c.objc; path = "UIView___Tests.m"; sourceTree = "<group>"; };
		183C8E411D3631EA00868202 /* Info.plist */ = {isa = PBXFileReference; lastKnownFileType = text.plist.xml; path = Info.plist; sourceTree = "<group>"; };
		183C8E4A1D36327800868202 /* ZPRedView.h */ = {isa = PBXFileReference; fileEncoding = 4; lastKnownFileType = sourcecode.c.h; path = ZPRedView.h; sourceTree = "<group>"; };
		183C8E4B1D36327800868202 /* ZPRedView.m */ = {isa = PBXFileReference; fileEncoding = 4; lastKnownFileType = sourcecode.c.objc; path = ZPRedView.m; sourceTree = "<group>"; };
/* End PBXFileReference section */

/* Begin PBXFrameworksBuildPhase section */
		183C8E1F1D3631EA00868202 /* Frameworks */ = {
			isa = PBXFrameworksBuildPhase;
			buildActionMask = 2147483647;
			files = (
			);
			runOnlyForDeploymentPostprocessing = 0;
		};
		183C8E381D3631EA00868202 /* Frameworks */ = {
			isa = PBXFrameworksBuildPhase;
			buildActionMask = 2147483647;
			files = (
			);
			runOnlyForDeploymentPostprocessing = 0;
		};
/* End PBXFrameworksBuildPhase section */

/* Begin PBXGroup section */
		183C8E191D3631EA00868202 = {
			isa = PBXGroup;
			children = (
				183C8E241D3631EA00868202 /* UIView的拖拽 */,
				183C8E3E1D3631EA00868202 /* UIView的拖拽Tests */,
				183C8E231D3631EA00868202 /* Products */,
			);
			sourceTree = "<group>";
		};
		183C8E231D3631EA00868202 /* Products */ = {
			isa = PBXGroup;
			children = (
				183C8E221D3631EA00868202 /* UIView的拖拽.app */,
				183C8E3B1D3631EA00868202 /* UIView的拖拽Tests.xctest */,
			);
			name = Products;
			sourceTree = "<group>";
		};
		183C8E241D3631EA00868202 /* UIView的拖拽 */ = {
			isa = PBXGroup;
			children = (
				183C8E281D3631EA00868202 /* AppDelegate.h */,
				183C8E291D3631EA00868202 /* AppDelegate.m */,
				183C8E2B1D3631EA00868202 /* ViewController.h */,
				183C8E2C1D3631EA00868202 /* ViewController.m */,
				183C8E4A1D36327800868202 /* ZPRedView.h */,
				183C8E4B1D36327800868202 /* ZPRedView.m */,
				183C8E2E1D3631EA00868202 /* Main.storyboard */,
				183C8E311D3631EA00868202 /* Assets.xcassets */,
				183C8E361D3631EA00868202 /* Info.plist */,
				183C8E251D3631EA00868202 /* Supporting Files */,
			);
			path = "UIView的拖拽";
			sourceTree = "<group>";
		};
		183C8E251D3631EA00868202 /* Supporting Files */ = {
			isa = PBXGroup;
			children = (
				183C8E261D3631EA00868202 /* main.m */,
			);
			name = "Supporting Files";
			sourceTree = "<group>";
		};
		183C8E3E1D3631EA00868202 /* UIView的拖拽Tests */ = {
			isa = PBXGroup;
			children = (
				183C8E3F1D3631EA00868202 /* UIView___Tests.m */,
				183C8E411D3631EA00868202 /* Info.plist */,
			);
			path = "UIView的拖拽Tests";
			sourceTree = "<group>";
		};
/* End PBXGroup section */

/* Begin PBXNativeTarget section */
		183C8E211D3631EA00868202 /* UIView的拖拽 */ = {
			isa = PBXNativeTarget;
			buildConfigurationList = 183C8E441D3631EA00868202 /* Build configuration list for PBXNativeTarget "UIView的拖拽" */;
			buildPhases = (
				183C8E1E1D3631EA00868202 /* Sources */,
				183C8E1F1D3631EA00868202 /* Frameworks */,
				183C8E201D3631EA00868202 /* Resources */,
			);
			buildRules = (
			);
			dependencies = (
			);
			name = "UIView的拖拽";
			productName = "UIView的拖拽";
			productReference = 183C8E221D3631EA00868202 /* UIView的拖拽.app */;
			productType = "com.apple.product-type.application";
		};
		183C8E3A1D3631EA00868202 /* UIView的拖拽Tests */ = {
			isa = PBXNativeTarget;
			buildConfigurationList = 183C8E471D3631EA00868202 /* Build configuration list for PBXNativeTarget "UIView的拖拽Tests" */;
			buildPhases = (
				183C8E371D3631EA00868202 /* Sources */,
				183C8E381D3631EA00868202 /* Frameworks */,
				183C8E391D3631EA00868202 /* Resources */,
			);
			buildRules = (
			);
			dependencies = (
				183C8E3D1D3631EA00868202 /* PBXTargetDependency */,
			);
			name = "UIView的拖拽Tests";
			productName = "UIView的拖拽Tests";
			productReference = 183C8E3B1D3631EA00868202 /* UIView的拖拽Tests.xctest */;
			productType = "com.apple.product-type.bundle.unit-test";
		};
/* End PBXNativeTarget section */

/* Begin PBXProject section */
		183C8E1A1D3631EA00868202 /* Project object */ = {
			isa = PBXProject;
			attributes = {
				CLASSPREFIX = ZP;
				LastUpgradeCheck = 0730;
				ORGANIZATIONNAME = apple;
				TargetAttributes = {
					183C8E211D3631EA00868202 = {
						CreatedOnToolsVersion = 7.3;
					};
					183C8E3A1D3631EA00868202 = {
						CreatedOnToolsVersion = 7.3;
						TestTargetID = 183C8E211D3631EA00868202;
					};
				};
			};
			buildConfigurationList = 183C8E1D1D3631EA00868202 /* Build configuration list for PBXProject "UIView的拖拽" */;
			compatibilityVersion = "Xcode 3.2";
			developmentRegion = English;
			hasScannedForEncodings = 0;
			knownRegions = (
				en,
				Base,
			);
			mainGroup = 183C8E191D3631EA00868202;
			productRefGroup = 183C8E231D3631EA00868202 /* Products */;
			projectDirPath = "";
			projectRoot = "";
			targets = (
				183C8E211D3631EA00868202 /* UIView的拖拽 */,
				183C8E3A1D3631EA00868202 /* UIView的拖拽Tests */,
			);
		};
/* End PBXProject section */

/* Begin PBXResourcesBuildPhase section */
		183C8E201D3631EA00868202 /* Resources */ = {
			isa = PBXResourcesBuildPhase;
			buildActionMask = 2147483647;
			files = (
				183C8E321D3631EA00868202 /* Assets.xcassets in Resources */,
				183C8E301D3631EA00868202 /* Main.storyboard in Resources */,
			);
			runOnlyForDeploymentPostprocessing = 0;
		};
		183C8E391D3631EA00868202 /* Resources */ = {
			isa = PBXResourcesBuildPhase;
			buildActionMask = 2147483647;
			files = (
			);
			runOnlyForDeploymentPostprocessing = 0;
		};
/* End PBXResourcesBuildPhase section */

/* Begin PBXSourcesBuildPhase section */
		183C8E1E1D3631EA00868202 /* Sources */ = {
			isa = PBXSourcesBuildPhase;
			buildActionMask = 2147483647;
			files = (
				183C8E2D1D3631EA00868202 /* ViewController.m in Sources */,
				183C8E2A1D3631EA00868202 /* AppDelegate.m in Sources */,
				183C8E4C1D36327800868202 /* ZPRedView.m in Sources */,
				183C8E271D3631EA00868202 /* main.m in Sources */,
			);
			runOnlyForDeploymentPostprocessing = 0;
		};
		183C8E371D3631EA00868202 /* Sources */ = {
			isa = PBXSourcesBuildPhase;
			buildActionMask = 2147483647;
			files = (
				183C8E401D3631EA00868202 /* UIView___Tests.m in Sources */,
			);
			runOnlyForDeploymentPostprocessing = 0;
		};
/* End PBXSourcesBuildPhase section */

/* Begin PBXTargetDependency section */
		183C8E3D1D3631EA00868202 /* PBXTargetDependency */ = {
			isa = PBXTargetDependency;
			target = 183C8E211D3631EA00868202 /* UIView的拖拽 */;
			targetProxy = 183C8E3C1D3631EA00868202 /* PBXContainerItemProxy */;
		};
/* End PBXTargetDependency section */

/* Begin PBXVariantGroup section */
		183C8E2E1D3631EA00868202 /* Main.storyboard */ = {
			isa = PBXVariantGroup;
			children = (
				183C8E2F1D3631EA00868202 /* Base */,
			);
			name = Main.storyboard;
			sourceTree = "<group>";
		};
/* End PBXVariantGroup section */

/* Begin XCBuildConfiguration section */
		183C8E421D3631EA00868202 /* Debug */ = {
			isa = XCBuildConfiguration;
			buildSettings = {
				ALWAYS_SEARCH_USER_PATHS = NO;
				CLANG_ANALYZER_NONNULL = YES;
				CLANG_CXX_LANGUAGE_STANDARD = "gnu++0x";
				CLANG_CXX_LIBRARY = "libc++";
				CLANG_ENABLE_MODULES = YES;
				CLANG_ENABLE_OBJC_ARC = YES;
				CLANG_WARN_BOOL_CONVERSION = YES;
				CLANG_WARN_CONSTANT_CONVERSION = YES;
				CLANG_WARN_DIRECT_OBJC_ISA_USAGE = YES_ERROR;
				CLANG_WARN_EMPTY_BODY = YES;
				CLANG_WARN_ENUM_CONVERSION = YES;
				CLANG_WARN_INT_CONVERSION = YES;
				CLANG_WARN_OBJC_ROOT_CLASS = YES_ERROR;
				CLANG_WARN_UNREACHABLE_CODE = YES;
				CLANG_WARN__DUPLICATE_METHOD_MATCH = YES;
				"CODE_SIGN_IDENTITY[sdk=iphoneos*]" = "iPhone Developer";
				COPY_PHASE_STRIP = NO;
				DEBUG_INFORMATION_FORMAT = dwarf;
				ENABLE_STRICT_OBJC_MSGSEND = YES;
				ENABLE_TESTABILITY = YES;
				GCC_C_LANGUAGE_STANDARD = gnu99;
				GCC_DYNAMIC_NO_PIC = NO;
				GCC_NO_COMMON_BLOCKS = YES;
				GCC_OPTIMIZATION_LEVEL = 0;
				GCC_PREPROCESSOR_DEFINITIONS = (
					"DEBUG=1",
					"$(inherited)",
				);
				GCC_WARN_64_TO_32_BIT_CONVERSION = YES;
				GCC_WARN_ABOUT_RETURN_TYPE = YES_ERROR;
				GCC_WARN_UNDECLARED_SELECTOR = YES;
				GCC_WARN_UNINITIALIZED_AUTOS = YES_AGGRESSIVE;
				GCC_WARN_UNUSED_FUNCTION = YES;
				GCC_WARN_UNUSED_VARIABLE = YES;
				IPHONEOS_DEPLOYMENT_TARGET = 9.3;
				MTL_ENABLE_DEBUG_INFO = YES;
				ONLY_ACTIVE_ARCH = YES;
				SDKROOT = iphoneos;
			};
			name = Debug;
		};
		183C8E431D3631EA00868202 /* Release */ = {
			isa = XCBuildConfiguration;
			buildSettings = {
				ALWAYS_SEARCH_USER_PATHS = NO;
				CLANG_ANALYZER_NONNULL = YES;
				CLANG_CXX_LANGUAGE_STANDARD = "gnu++0x";
				CLANG_CXX_LIBRARY = "libc++";
				CLANG_ENABLE_MODULES = YES;
				CLANG_ENABLE_OBJC_ARC = YES;
				CLANG_WARN_BOOL_CONVERSION = YES;
				CLANG_WARN_CONSTANT_CONVERSION = YES;
				CLANG_WARN_DIRECT_OBJC_ISA_USAGE = YES_ERROR;
				CLANG_WARN_EMPTY_BODY = YES;
				CLANG_WARN_ENUM_CONVERSION = YES;
				CLANG_WARN_INT_CONVERSION = YES;
				CLANG_WARN_OBJC_ROOT_CLASS = YES_ERROR;
				CLANG_WARN_UNREACHABLE_CODE = YES;
				CLANG_WARN__DUPLICATE_METHOD_MATCH = YES;
				"CODE_SIGN_IDENTITY[sdk=iphoneos*]" = "iPhone Developer";
				COPY_PHASE_STRIP = NO;
				DEBUG_INFORMATION_FORMAT = "dwarf-with-dsym";
				ENABLE_NS_ASSERTIONS = NO;
				ENABLE_STRICT_OBJC_MSGSEND = YES;
				GCC_C_LANGUAGE_STANDARD = gnu99;
				GCC_NO_COMMON_BLOCKS = YES;
				GCC_WARN_64_TO_32_BIT_CONVERSION = YES;
				GCC_WARN_ABOUT_RETURN_TYPE = YES_ERROR;
				GCC_WARN_UNDECLARED_SELECTOR = YES;
				GCC_WARN_UNINITIALIZED_AUTOS = YES_AGGRESSIVE;
				GCC_WARN_UNUSED_FUNCTION = YES;
				GCC_WARN_UNUSED_VARIABLE = YES;
				IPHONEOS_DEPLOYMENT_TARGET = 9.3;
				MTL_ENABLE_DEBUG_INFO = NO;
				SDKROOT = iphoneos;
				VALIDATE_PRODUCT = YES;
			};
			name = Release;
		};
		183C8E451D3631EA00868202 /* Debug */ = {
			isa = XCBuildConfiguration;
			buildSettings = {
				ASSETCATALOG_COMPILER_APPICON_NAME = AppIcon;
				INFOPLIST_FILE = "UIView的拖拽/Info.plist";
				LD_RUNPATH_SEARCH_PATHS = "$(inherited) @executable_path/Frameworks";
				PRODUCT_BUNDLE_IDENTIFIER = "cn.sunco.UIView---";
				PRODUCT_NAME = "$(TARGET_NAME)";
			};
			name = Debug;
		};
		183C8E461D3631EA00868202 /* Release */ = {
			isa = XCBuildConfiguration;
			buildSettings = {
				ASSETCATALOG_COMPILER_APPICON_NAME = AppIcon;
				INFOPLIST_FILE = "UIView的拖拽/Info.plist";
				LD_RUNPATH_SEARCH_PATHS = "$(inherited) @executable_path/Frameworks";
				PRODUCT_BUNDLE_IDENTIFIER = "cn.sunco.UIView---";
				PRODUCT_NAME = "$(TARGET_NAME)";
			};
			name = Release;
		};
		183C8E481D3631EA00868202 /* Debug */ = {
			isa = XCBuildConfiguration;
			buildSettings = {
				BUNDLE_LOADER = "$(TEST_HOST)";
				INFOPLIST_FILE = "UIView的拖拽Tests/Info.plist";
				LD_RUNPATH_SEARCH_PATHS = "$(inherited) @executable_path/Frameworks @loader_path/Frameworks";
				PRODUCT_BUNDLE_IDENTIFIER = "cn.sunco.UIView---Tests";
				PRODUCT_NAME = "$(TARGET_NAME)";
				TEST_HOST = "$(BUILT_PRODUCTS_DIR)/UIView的拖拽.app/UIView的拖拽";
			};
			name = Debug;
		};
		183C8E491D3631EA00868202 /* Release */ = {
			isa = XCBuildConfiguration;
			buildSettings = {
				BUNDLE_LOADER = "$(TEST_HOST)";
				INFOPLIST_FILE = "UIView的拖拽Tests/Info.plist";
				LD_RUNPATH_SEARCH_PATHS = "$(inherited) @executable_path/Frameworks @loader_path/Frameworks";
				PRODUCT_BUNDLE_IDENTIFIER = "cn.sunco.UIView---Tests";
				PRODUCT_NAME = "$(TARGET_NAME)";
				TEST_HOST = "$(BUILT_PRODUCTS_DIR)/UIView的拖拽.app/UIView的拖拽";
			};
			name = Release;
		};
/* End XCBuildConfiguration section */

/* Begin XCConfigurationList section */
		183C8E1D1D3631EA00868202 /* Build configuration list for PBXProject "UIView的拖拽" */ = {
			isa = XCConfigurationList;
			buildConfigurations = (
				183C8E421D3631EA00868202 /* Debug */,
				183C8E431D3631EA00868202 /* Release */,
			);
			defaultConfigurationIsVisible = 0;
			defaultConfigurationName = Release;
		};
		183C8E441D3631EA00868202 /* Build configuration list for PBXNativeTarget "UIView的拖拽" */ = {
			isa = XCConfigurationList;
			buildConfigurations = (
				183C8E451D3631EA00868202 /* Debug */,
				183C8E461D3631EA00868202 /* Release */,
			);
			defaultConfigurationIsVisible = 0;
		};
		183C8E471D3631EA00868202 /* Build configuration list for PBXNativeTarget "UIView的拖拽Tests" */ = {
			isa = XCConfigurationList;
			buildConfigurations = (
				183C8E481D3631EA00868202 /* Debug */,
				183C8E491D3631EA00868202 /* Release */,
			);
			defaultConfigurationIsVisible = 0;
		};
/* End XCConfigurationList section */
	};
	rootObject = 183C8E1A1D3631EA00868202 /* Project object */;
}
